
Microsoft Visual Studio Solution File, Format Version 12.00
# Visual Studio 15
VisualStudioVersion = 15.0.28010.2026
MinimumVisualStudioVersion = 10.0.40219.1
Project("{9A19103F-16F7-4668-BE54-9A1E7A4F7556}") = "JSON", "JSON\JSON.csproj", "{30458C01-F7D6-46F9-B2A9-E8629AC54AEF}"
EndProject
Project("{FAE04EC0-301F-11D3-BF4B-00C04F79EFBC}") = "JSONtests", "JSONtests\JSONtests.csproj", "{814D4F64-05CC-4DB1-88DB-827E93A44020}"
EndProject
Global
	GlobalSection(SolutionConfigurationPlatforms) = preSolution
		Debug|Any CPU = Debug|Any CPU
		Release|Any CPU = Release|Any CPU
	EndGlobalSection
	GlobalSection(ProjectConfigurationPlatforms) = postSolution
		{30458C01-F7D6-46F9-B2A9-E8629AC54AEF}.Debug|Any CPU.ActiveCfg = Debug|Any CPU
		{30458C01-F7D6-46F9-B2A9-E8629AC54AEF}.Debug|Any CPU.Build.0 = Debug|Any CPU
		{30458C01-F7D6-46F9-B2A9-E8629AC54AEF}.Release|Any CPU.ActiveCfg = Release|Any CPU
		{30458C01-F7D6-46F9-B2A9-E8629AC54AEF}.Release|Any CPU.Build.0 = Release|Any CPU
		{814D4F64-05CC-4DB1-88DB-827E93A44020}.Debug|Any CPU.ActiveCfg = Debug|Any CPU
		{814D4F64-05CC-4DB1-88DB-827E93A44020}.Debug|Any CPU.Build.0 = Debug|Any CPU
		{814D4F64-05CC-4DB1-88DB-827E93A44020}.Release|Any CPU.ActiveCfg = Release|Any CPU
		{814D4F64-05CC-4DB1-88DB-827E93A44020}.Release|Any CPU.Build.0 = Release|Any CPU
	EndGlobalSection
	GlobalSection(SolutionProperties) = preSolution
		HideSolutionNode = FALSE
	EndGlobalSection
	GlobalSection(ExtensibilityGlobals) = postSolution
		SolutionGuid = {14F2EF5B-1EB5-4DFF-BFDF-C715B6E47D91}
	EndGlobalSection
EndGlobal
